// !$*UTF8*$!
{
	archiveVersion = 1;
	classes = {
	};
	objectVersion = 56;
	objects = {

/* Begin PBXBuildFile section */
		486A0E6B9709DB60FA6EADAE /* Pods_Client.framework in Frameworks */ = {isa = PBXBuildFile; fileRef = D569C90FADD869BA1DCD9877 /* Pods_Client.framework */; };
		990FD1152A48767800F79C17 /* ClientApp.swift in Sources */ = {isa = PBXBuildFile; fileRef = 990FD1142A48767800F79C17 /* ClientApp.swift */; };
		990FD1172A48767800F79C17 /* HomeView.swift in Sources */ = {isa = PBXBuildFile; fileRef = 990FD1162A48767800F79C17 /* HomeView.swift */; };
		990FD1192A48767900F79C17 /* Assets.xcassets in Resources */ = {isa = PBXBuildFile; fileRef = 990FD1182A48767900F79C17 /* Assets.xcassets */; };
		990FD11C2A48767900F79C17 /* Preview Assets.xcassets in Resources */ = {isa = PBXBuildFile; fileRef = 990FD11B2A48767900F79C17 /* Preview Assets.xcassets */; };
		990FD1272A487C8200F79C17 /* Disease.swift in Sources */ = {isa = PBXBuildFile; fileRef = 990FD1262A487C8200F79C17 /* Disease.swift */; };
		990FD12F2A4899C300F79C17 /* DiseaseRepository.swift in Sources */ = {isa = PBXBuildFile; fileRef = 990FD12E2A4899C300F79C17 /* DiseaseRepository.swift */; };
		990FD1362A4998B500F79C17 /* ColorExtension.swift in Sources */ = {isa = PBXBuildFile; fileRef = 990FD1352A4998B500F79C17 /* ColorExtension.swift */; };
		990FD13A2A499CF900F79C17 /* SymptomRepository.swift in Sources */ = {isa = PBXBuildFile; fileRef = 990FD1392A499CF900F79C17 /* SymptomRepository.swift */; };
		990FD13C2A499D1100F79C17 /* Symptom.swift in Sources */ = {isa = PBXBuildFile; fileRef = 990FD13B2A499D1100F79C17 /* Symptom.swift */; };
		990FD1412A49D83800F79C17 /* DateExtension.swift in Sources */ = {isa = PBXBuildFile; fileRef = 990FD1402A49D83800F79C17 /* DateExtension.swift */; };
		990FD1472A4DAFA600F79C17 /* SymptomEntry.swift in Sources */ = {isa = PBXBuildFile; fileRef = 990FD1462A4DAFA600F79C17 /* SymptomEntry.swift */; };
		990FD1492A4DBEFE00F79C17 /* DiseaseEntry.swift in Sources */ = {isa = PBXBuildFile; fileRef = 990FD1482A4DBEFE00F79C17 /* DiseaseEntry.swift */; };
		990FD14D2A4DEB3D00F79C17 /* PreviewSymptomRepository.swift in Sources */ = {isa = PBXBuildFile; fileRef = 990FD14C2A4DEB3D00F79C17 /* PreviewSymptomRepository.swift */; };
		990FD14F2A4DF32300F79C17 /* PreviewDiseaseRepository.swift in Sources */ = {isa = PBXBuildFile; fileRef = 990FD14E2A4DF32300F79C17 /* PreviewDiseaseRepository.swift */; };
		990FD1512A4DF69700F79C17 /* UIExtension.swift in Sources */ = {isa = PBXBuildFile; fileRef = 990FD1502A4DF69700F79C17 /* UIExtension.swift */; };
		993373582A4E1FDE004FDEEB /* FindDiseaseView.swift in Sources */ = {isa = PBXBuildFile; fileRef = 993373572A4E1FDE004FDEEB /* FindDiseaseView.swift */; };
		9933735A2A4E2B0E004FDEEB /* DiseaseDetailView.swift in Sources */ = {isa = PBXBuildFile; fileRef = 993373592A4E2B0E004FDEEB /* DiseaseDetailView.swift */; };
		9933735C2A4E2EA2004FDEEB /* DiseaseSection.swift in Sources */ = {isa = PBXBuildFile; fileRef = 9933735B2A4E2EA2004FDEEB /* DiseaseSection.swift */; };
		993373612A4EB6A9004FDEEB /* HomeViewModel.swift in Sources */ = {isa = PBXBuildFile; fileRef = 993373602A4EB6A9004FDEEB /* HomeViewModel.swift */; };
		993373672A4EBC60004FDEEB /* FindDiseaseViewModel.swift in Sources */ = {isa = PBXBuildFile; fileRef = 993373662A4EBC60004FDEEB /* FindDiseaseViewModel.swift */; };
		993373692A4ECD2C004FDEEB /* disease.db in Resources */ = {isa = PBXBuildFile; fileRef = 993373682A4ECD2C004FDEEB /* disease.db */; };
		9936094B2A4E01BD008CAD52 /* SymptomListView.swift in Sources */ = {isa = PBXBuildFile; fileRef = 9936094A2A4E01BD008CAD52 /* SymptomListView.swift */; };
		993609512A4E0B8E008CAD52 /* HomeSymptomView.swift in Sources */ = {isa = PBXBuildFile; fileRef = 993609502A4E0B8E008CAD52 /* HomeSymptomView.swift */; };
		993609532A4E0C45008CAD52 /* HomeDiseaseView.swift in Sources */ = {isa = PBXBuildFile; fileRef = 993609522A4E0C45008CAD52 /* HomeDiseaseView.swift */; };
		993609552A4E0CAB008CAD52 /* HomeAddSymptomView.swift in Sources */ = {isa = PBXBuildFile; fileRef = 993609542A4E0CAB008CAD52 /* HomeAddSymptomView.swift */; };
		993609572A4E0D12008CAD52 /* HomeEmptySymptomView.swift in Sources */ = {isa = PBXBuildFile; fileRef = 993609562A4E0D12008CAD52 /* HomeEmptySymptomView.swift */; };
		9936095A2A4E0EC1008CAD52 /* AddSymptomView.swift in Sources */ = {isa = PBXBuildFile; fileRef = 993609592A4E0EC1008CAD52 /* AddSymptomView.swift */; };
		99C36EED2A7F9F33008F6A62 /* Config.xcconfig in Resources */ = {isa = PBXBuildFile; fileRef = 99C36EEC2A7F9F33008F6A62 /* Config.xcconfig */; };
		BC0782CD2A6D577600366F16 /* MapView.swift in Sources */ = {isa = PBXBuildFile; fileRef = BC0782CC2A6D577600366F16 /* MapView.swift */; };
		BC31F5C22A74E119008CE091 /* BindingExtension.swift in Sources */ = {isa = PBXBuildFile; fileRef = BC31F5C12A74E118008CE091 /* BindingExtension.swift */; };
		BC31F5C82A74EEB1008CE091 /* SearchResponse.swift in Sources */ = {isa = PBXBuildFile; fileRef = BC31F5C72A74EEB1008CE091 /* SearchResponse.swift */; };
		BC31F5CB2A74EF00008CE091 /* MapAPI.swift in Sources */ = {isa = PBXBuildFile; fileRef = BC31F5CA2A74EF00008CE091 /* MapAPI.swift */; };
		BC31F5CD2A74F2B3008CE091 /* SearchRequest.swift in Sources */ = {isa = PBXBuildFile; fileRef = BC31F5CC2A74F2B3008CE091 /* SearchRequest.swift */; };
		BC31F5CF2A74F731008CE091 /* MapRepository.swift in Sources */ = {isa = PBXBuildFile; fileRef = BC31F5CE2A74F731008CE091 /* MapRepository.swift */; };
		BC31F5D12A74F870008CE091 /* MoyaWrapper.swift in Sources */ = {isa = PBXBuildFile; fileRef = BC31F5D02A74F870008CE091 /* MoyaWrapper.swift */; };
		BC6961432A597BF200C78DFA /* ChatGPTSwift in Frameworks */ = {isa = PBXBuildFile; productRef = BC6961422A597BF200C78DFA /* ChatGPTSwift */; };
		BC6961452A59890900C78DFA /* StringExtension.swift in Sources */ = {isa = PBXBuildFile; fileRef = BC6961442A59890900C78DFA /* StringExtension.swift */; };
		BC808D2D2A629A4300C93FB9 /* FindHospitalView.swift in Sources */ = {isa = PBXBuildFile; fileRef = BC808D2C2A629A4300C93FB9 /* FindHospitalView.swift */; };
		BC808D2F2A629A8C00C93FB9 /* FindHospitalViewModel.swift in Sources */ = {isa = PBXBuildFile; fileRef = BC808D2E2A629A8C00C93FB9 /* FindHospitalViewModel.swift */; };
		BCD92A0B2AE3A75C009B7C9F /* InitialView.swift in Sources */ = {isa = PBXBuildFile; fileRef = BCD92A0A2AE3A75C009B7C9F /* InitialView.swift */; };
		BCD92A0D2AE3B15E009B7C9F /* GetUserInfoViewModel.swift in Sources */ = {isa = PBXBuildFile; fileRef = BCD92A0C2AE3B15E009B7C9F /* GetUserInfoViewModel.swift */; };
/* End PBXBuildFile section */

/* Begin PBXFileReference section */
		917DDF0F9D6E42C978444F8C /* Pods-Client.debug.xcconfig */ = {isa = PBXFileReference; includeInIndex = 1; lastKnownFileType = text.xcconfig; name = "Pods-Client.debug.xcconfig"; path = "Target Support Files/Pods-Client/Pods-Client.debug.xcconfig"; sourceTree = "<group>"; };
		990FD1112A48767800F79C17 /* Client.app */ = {isa = PBXFileReference; explicitFileType = wrapper.application; includeInIndex = 0; path = Client.app; sourceTree = BUILT_PRODUCTS_DIR; };
		990FD1142A48767800F79C17 /* ClientApp.swift */ = {isa = PBXFileReference; lastKnownFileType = sourcecode.swift; path = ClientApp.swift; sourceTree = "<group>"; };
		990FD1162A48767800F79C17 /* HomeView.swift */ = {isa = PBXFileReference; lastKnownFileType = sourcecode.swift; path = HomeView.swift; sourceTree = "<group>"; };
		990FD1182A48767900F79C17 /* Assets.xcassets */ = {isa = PBXFileReference; lastKnownFileType = folder.assetcatalog; path = Assets.xcassets; sourceTree = "<group>"; };
		990FD11B2A48767900F79C17 /* Preview Assets.xcassets */ = {isa = PBXFileReference; lastKnownFileType = folder.assetcatalog; path = "Preview Assets.xcassets"; sourceTree = "<group>"; };
		990FD1262A487C8200F79C17 /* Disease.swift */ = {isa = PBXFileReference; lastKnownFileType = sourcecode.swift; path = Disease.swift; sourceTree = "<group>"; };
		990FD12E2A4899C300F79C17 /* DiseaseRepository.swift */ = {isa = PBXFileReference; lastKnownFileType = sourcecode.swift; path = DiseaseRepository.swift; sourceTree = "<group>"; };
		990FD1352A4998B500F79C17 /* ColorExtension.swift */ = {isa = PBXFileReference; lastKnownFileType = sourcecode.swift; path = ColorExtension.swift; sourceTree = "<group>"; };
		990FD1392A499CF900F79C17 /* SymptomRepository.swift */ = {isa = PBXFileReference; lastKnownFileType = sourcecode.swift; path = SymptomRepository.swift; sourceTree = "<group>"; };
		990FD13B2A499D1100F79C17 /* Symptom.swift */ = {isa = PBXFileReference; lastKnownFileType = sourcecode.swift; path = Symptom.swift; sourceTree = "<group>"; };
		990FD1402A49D83800F79C17 /* DateExtension.swift */ = {isa = PBXFileReference; lastKnownFileType = sourcecode.swift; path = DateExtension.swift; sourceTree = "<group>"; };
		990FD1462A4DAFA600F79C17 /* SymptomEntry.swift */ = {isa = PBXFileReference; lastKnownFileType = sourcecode.swift; path = SymptomEntry.swift; sourceTree = "<group>"; };
		990FD1482A4DBEFE00F79C17 /* DiseaseEntry.swift */ = {isa = PBXFileReference; lastKnownFileType = sourcecode.swift; path = DiseaseEntry.swift; sourceTree = "<group>"; };
		990FD14C2A4DEB3D00F79C17 /* PreviewSymptomRepository.swift */ = {isa = PBXFileReference; lastKnownFileType = sourcecode.swift; path = PreviewSymptomRepository.swift; sourceTree = "<group>"; };
		990FD14E2A4DF32300F79C17 /* PreviewDiseaseRepository.swift */ = {isa = PBXFileReference; lastKnownFileType = sourcecode.swift; path = PreviewDiseaseRepository.swift; sourceTree = "<group>"; };
		990FD1502A4DF69700F79C17 /* UIExtension.swift */ = {isa = PBXFileReference; lastKnownFileType = sourcecode.swift; path = UIExtension.swift; sourceTree = "<group>"; };
		993373572A4E1FDE004FDEEB /* FindDiseaseView.swift */ = {isa = PBXFileReference; lastKnownFileType = sourcecode.swift; path = FindDiseaseView.swift; sourceTree = "<group>"; };
		993373592A4E2B0E004FDEEB /* DiseaseDetailView.swift */ = {isa = PBXFileReference; lastKnownFileType = sourcecode.swift; path = DiseaseDetailView.swift; sourceTree = "<group>"; };
		9933735B2A4E2EA2004FDEEB /* DiseaseSection.swift */ = {isa = PBXFileReference; lastKnownFileType = sourcecode.swift; path = DiseaseSection.swift; sourceTree = "<group>"; };
		993373602A4EB6A9004FDEEB /* HomeViewModel.swift */ = {isa = PBXFileReference; lastKnownFileType = sourcecode.swift; path = HomeViewModel.swift; sourceTree = "<group>"; };
		993373662A4EBC60004FDEEB /* FindDiseaseViewModel.swift */ = {isa = PBXFileReference; lastKnownFileType = sourcecode.swift; path = FindDiseaseViewModel.swift; sourceTree = "<group>"; };
		993373682A4ECD2C004FDEEB /* disease.db */ = {isa = PBXFileReference; lastKnownFileType = file; path = disease.db; sourceTree = "<group>"; };
		9936094A2A4E01BD008CAD52 /* SymptomListView.swift */ = {isa = PBXFileReference; lastKnownFileType = sourcecode.swift; path = SymptomListView.swift; sourceTree = "<group>"; };
		993609502A4E0B8E008CAD52 /* HomeSymptomView.swift */ = {isa = PBXFileReference; lastKnownFileType = sourcecode.swift; path = HomeSymptomView.swift; sourceTree = "<group>"; };
		993609522A4E0C45008CAD52 /* HomeDiseaseView.swift */ = {isa = PBXFileReference; lastKnownFileType = sourcecode.swift; path = HomeDiseaseView.swift; sourceTree = "<group>"; };
		993609542A4E0CAB008CAD52 /* HomeAddSymptomView.swift */ = {isa = PBXFileReference; lastKnownFileType = sourcecode.swift; path = HomeAddSymptomView.swift; sourceTree = "<group>"; };
		993609562A4E0D12008CAD52 /* HomeEmptySymptomView.swift */ = {isa = PBXFileReference; lastKnownFileType = sourcecode.swift; path = HomeEmptySymptomView.swift; sourceTree = "<group>"; };
		993609592A4E0EC1008CAD52 /* AddSymptomView.swift */ = {isa = PBXFileReference; lastKnownFileType = sourcecode.swift; path = AddSymptomView.swift; sourceTree = "<group>"; };
		99C36EEC2A7F9F33008F6A62 /* Config.xcconfig */ = {isa = PBXFileReference; fileEncoding = 4; lastKnownFileType = text.xcconfig; path = Config.xcconfig; sourceTree = "<group>"; };
		BC0782CC2A6D577600366F16 /* MapView.swift */ = {isa = PBXFileReference; lastKnownFileType = sourcecode.swift; path = MapView.swift; sourceTree = "<group>"; };
		BC31F5C12A74E118008CE091 /* BindingExtension.swift */ = {isa = PBXFileReference; lastKnownFileType = sourcecode.swift; path = BindingExtension.swift; sourceTree = "<group>"; };
		BC31F5C72A74EEB1008CE091 /* SearchResponse.swift */ = {isa = PBXFileReference; lastKnownFileType = sourcecode.swift; path = SearchResponse.swift; sourceTree = "<group>"; };
		BC31F5CA2A74EF00008CE091 /* MapAPI.swift */ = {isa = PBXFileReference; lastKnownFileType = sourcecode.swift; path = MapAPI.swift; sourceTree = "<group>"; };
		BC31F5CC2A74F2B3008CE091 /* SearchRequest.swift */ = {isa = PBXFileReference; lastKnownFileType = sourcecode.swift; path = SearchRequest.swift; sourceTree = "<group>"; };
		BC31F5CE2A74F731008CE091 /* MapRepository.swift */ = {isa = PBXFileReference; lastKnownFileType = sourcecode.swift; path = MapRepository.swift; sourceTree = "<group>"; };
		BC31F5D02A74F870008CE091 /* MoyaWrapper.swift */ = {isa = PBXFileReference; lastKnownFileType = sourcecode.swift; path = MoyaWrapper.swift; sourceTree = "<group>"; };
		BC6961442A59890900C78DFA /* StringExtension.swift */ = {isa = PBXFileReference; lastKnownFileType = sourcecode.swift; path = StringExtension.swift; sourceTree = "<group>"; };
		BC6961472A59955900C78DFA /* Info.plist */ = {isa = PBXFileReference; lastKnownFileType = text.plist.xml; path = Info.plist; sourceTree = "<group>"; };
		BC808D2C2A629A4300C93FB9 /* FindHospitalView.swift */ = {isa = PBXFileReference; lastKnownFileType = sourcecode.swift; path = FindHospitalView.swift; sourceTree = "<group>"; };
		BC808D2E2A629A8C00C93FB9 /* FindHospitalViewModel.swift */ = {isa = PBXFileReference; lastKnownFileType = sourcecode.swift; path = FindHospitalViewModel.swift; sourceTree = "<group>"; };
		BCD92A0A2AE3A75C009B7C9F /* InitialView.swift */ = {isa = PBXFileReference; lastKnownFileType = sourcecode.swift; path = InitialView.swift; sourceTree = "<group>"; };
		BCD92A0C2AE3B15E009B7C9F /* GetUserInfoViewModel.swift */ = {isa = PBXFileReference; lastKnownFileType = sourcecode.swift; path = GetUserInfoViewModel.swift; sourceTree = "<group>"; };
		C40F81FBBF8D355B363F9EA1 /* Pods-Client.release.xcconfig */ = {isa = PBXFileReference; includeInIndex = 1; lastKnownFileType = text.xcconfig; name = "Pods-Client.release.xcconfig"; path = "Target Support Files/Pods-Client/Pods-Client.release.xcconfig"; sourceTree = "<group>"; };
		D569C90FADD869BA1DCD9877 /* Pods_Client.framework */ = {isa = PBXFileReference; explicitFileType = wrapper.framework; includeInIndex = 0; path = Pods_Client.framework; sourceTree = BUILT_PRODUCTS_DIR; };
/* End PBXFileReference section */

/* Begin PBXFrameworksBuildPhase section */
		990FD10E2A48767800F79C17 /* Frameworks */ = {
			isa = PBXFrameworksBuildPhase;
			buildActionMask = 2147483647;
			files = (
				BC6961432A597BF200C78DFA /* ChatGPTSwift in Frameworks */,
				486A0E6B9709DB60FA6EADAE /* Pods_Client.framework in Frameworks */,
			);
			runOnlyForDeploymentPostprocessing = 0;
		};
/* End PBXFrameworksBuildPhase section */

/* Begin PBXGroup section */
		15207296408EA5EE64EC9EFA /* Pods */ = {
			isa = PBXGroup;
			children = (
				917DDF0F9D6E42C978444F8C /* Pods-Client.debug.xcconfig */,
				C40F81FBBF8D355B363F9EA1 /* Pods-Client.release.xcconfig */,
			);
			path = Pods;
			sourceTree = "<group>";
		};
		990FD1082A48767800F79C17 = {
			isa = PBXGroup;
			children = (
				99C36EEC2A7F9F33008F6A62 /* Config.xcconfig */,
				990FD1132A48767800F79C17 /* Client */,
				990FD1122A48767800F79C17 /* Products */,
				15207296408EA5EE64EC9EFA /* Pods */,
				B8AD0569A04218FBAAB5D77B /* Frameworks */,
			);
			sourceTree = "<group>";
		};
		990FD1122A48767800F79C17 /* Products */ = {
			isa = PBXGroup;
			children = (
				990FD1112A48767800F79C17 /* Client.app */,
			);
			name = Products;
			sourceTree = "<group>";
		};
		990FD1132A48767800F79C17 /* Client */ = {
			isa = PBXGroup;
			children = (
				990FD1182A48767900F79C17 /* Assets.xcassets */,
				990FD1142A48767800F79C17 /* ClientApp.swift */,
				BC6961472A59955900C78DFA /* Info.plist */,
				BC31F5C92A74EEE5008CE091 /* Network */,
				990FD1442A49DE4000F79C17 /* Resource */,
				990FD13E2A49A62000F79C17 /* Extension */,
				9933736A2A4ECF5E004FDEEB /* Model */,
				9933736B2A4ECF76004FDEEB /* Repository */,
				990FD1452A4DAF8700F79C17 /* Component */,
				9933735F2A4EB698004FDEEB /* ViewModel */,
				990FD13D2A49A61600F79C17 /* View */,
				990FD11A2A48767900F79C17 /* Preview Content */,
			);
			path = Client;
			sourceTree = "<group>";
		};
		990FD11A2A48767900F79C17 /* Preview Content */ = {
			isa = PBXGroup;
			children = (
				993609492A4DFCD0008CAD52 /* Repository */,
				990FD11B2A48767900F79C17 /* Preview Assets.xcassets */,
			);
			path = "Preview Content";
			sourceTree = "<group>";
		};
		990FD13D2A49A61600F79C17 /* View */ = {
			isa = PBXGroup;
			children = (
				993609582A4E0E05008CAD52 /* Home */,
				990FD1162A48767800F79C17 /* HomeView.swift */,
				993373572A4E1FDE004FDEEB /* FindDiseaseView.swift */,
				993373592A4E2B0E004FDEEB /* DiseaseDetailView.swift */,
				BC808D2C2A629A4300C93FB9 /* FindHospitalView.swift */,
				BC0782CC2A6D577600366F16 /* MapView.swift */,
				BCD92A0A2AE3A75C009B7C9F /* InitialView.swift */,
			);
			path = View;
			sourceTree = "<group>";
		};
		990FD13E2A49A62000F79C17 /* Extension */ = {
			isa = PBXGroup;
			children = (
				990FD1502A4DF69700F79C17 /* UIExtension.swift */,
				990FD1352A4998B500F79C17 /* ColorExtension.swift */,
				990FD1402A49D83800F79C17 /* DateExtension.swift */,
				BC6961442A59890900C78DFA /* StringExtension.swift */,
				BC31F5C12A74E118008CE091 /* BindingExtension.swift */,
			);
			path = Extension;
			sourceTree = "<group>";
		};
		990FD1442A49DE4000F79C17 /* Resource */ = {
			isa = PBXGroup;
			children = (
				993373682A4ECD2C004FDEEB /* disease.db */,
			);
			path = Resource;
			sourceTree = "<group>";
		};
		990FD1452A4DAF8700F79C17 /* Component */ = {
			isa = PBXGroup;
			children = (
				990FD1462A4DAFA600F79C17 /* SymptomEntry.swift */,
				990FD1482A4DBEFE00F79C17 /* DiseaseEntry.swift */,
				9933735B2A4E2EA2004FDEEB /* DiseaseSection.swift */,
			);
			path = Component;
			sourceTree = "<group>";
		};
		9933735F2A4EB698004FDEEB /* ViewModel */ = {
			isa = PBXGroup;
			children = (
				993373602A4EB6A9004FDEEB /* HomeViewModel.swift */,
				993373662A4EBC60004FDEEB /* FindDiseaseViewModel.swift */,
				BC808D2E2A629A8C00C93FB9 /* FindHospitalViewModel.swift */,
				BCD92A0C2AE3B15E009B7C9F /* GetUserInfoViewModel.swift */,
			);
			path = ViewModel;
			sourceTree = "<group>";
		};
		9933736A2A4ECF5E004FDEEB /* Model */ = {
			isa = PBXGroup;
			children = (
				990FD1262A487C8200F79C17 /* Disease.swift */,
				990FD13B2A499D1100F79C17 /* Symptom.swift */,
				BC31F5C72A74EEB1008CE091 /* SearchResponse.swift */,
				BC31F5CC2A74F2B3008CE091 /* SearchRequest.swift */,
			);
			path = Model;
			sourceTree = "<group>";
		};
		9933736B2A4ECF76004FDEEB /* Repository */ = {
			isa = PBXGroup;
			children = (
				990FD12E2A4899C300F79C17 /* DiseaseRepository.swift */,
				990FD1392A499CF900F79C17 /* SymptomRepository.swift */,
				BC31F5CE2A74F731008CE091 /* MapRepository.swift */,
			);
			path = Repository;
			sourceTree = "<group>";
		};
		993609492A4DFCD0008CAD52 /* Repository */ = {
			isa = PBXGroup;
			children = (
				990FD14C2A4DEB3D00F79C17 /* PreviewSymptomRepository.swift */,
				990FD14E2A4DF32300F79C17 /* PreviewDiseaseRepository.swift */,
			);
			path = Repository;
			sourceTree = "<group>";
		};
		993609582A4E0E05008CAD52 /* Home */ = {
			isa = PBXGroup;
			children = (
				9936094A2A4E01BD008CAD52 /* SymptomListView.swift */,
				993609592A4E0EC1008CAD52 /* AddSymptomView.swift */,
				993609542A4E0CAB008CAD52 /* HomeAddSymptomView.swift */,
				993609522A4E0C45008CAD52 /* HomeDiseaseView.swift */,
				993609502A4E0B8E008CAD52 /* HomeSymptomView.swift */,
				993609562A4E0D12008CAD52 /* HomeEmptySymptomView.swift */,
			);
			path = Home;
			sourceTree = "<group>";
		};
		B8AD0569A04218FBAAB5D77B /* Frameworks */ = {
			isa = PBXGroup;
			children = (
				D569C90FADD869BA1DCD9877 /* Pods_Client.framework */,
			);
			name = Frameworks;
			sourceTree = "<group>";
		};
		BC31F5C92A74EEE5008CE091 /* Network */ = {
			isa = PBXGroup;
			children = (
				BC31F5CA2A74EF00008CE091 /* MapAPI.swift */,
				BC31F5D02A74F870008CE091 /* MoyaWrapper.swift */,
			);
			path = Network;
			sourceTree = "<group>";
		};
/* End PBXGroup section */

/* Begin PBXNativeTarget section */
		990FD1102A48767800F79C17 /* Client */ = {
			isa = PBXNativeTarget;
			buildConfigurationList = 990FD11F2A48767900F79C17 /* Build configuration list for PBXNativeTarget "Client" */;
			buildPhases = (
				E70251EBB8E124A32F587BAB /* [CP] Check Pods Manifest.lock */,
				990FD10D2A48767800F79C17 /* Sources */,
				990FD10E2A48767800F79C17 /* Frameworks */,
				990FD10F2A48767800F79C17 /* Resources */,
				90581E051F435964B1EB7D8D /* [CP] Embed Pods Frameworks */,
			);
			buildRules = (
			);
			dependencies = (
			);
			name = Client;
			packageProductDependencies = (
				BC6961422A597BF200C78DFA /* ChatGPTSwift */,
			);
			productName = Client;
			productReference = 990FD1112A48767800F79C17 /* Client.app */;
			productType = "com.apple.product-type.application";
		};
/* End PBXNativeTarget section */

/* Begin PBXProject section */
		990FD1092A48767800F79C17 /* Project object */ = {
			isa = PBXProject;
			attributes = {
				BuildIndependentTargetsInParallel = 1;
				LastSwiftUpdateCheck = 1430;
				LastUpgradeCheck = 1430;
				TargetAttributes = {
					990FD1102A48767800F79C17 = {
						CreatedOnToolsVersion = 14.3.1;
					};
				};
			};
			buildConfigurationList = 990FD10C2A48767800F79C17 /* Build configuration list for PBXProject "Client" */;
			compatibilityVersion = "Xcode 14.0";
			developmentRegion = en;
			hasScannedForEncodings = 0;
			knownRegions = (
				en,
				Base,
			);
			mainGroup = 990FD1082A48767800F79C17;
			packageReferences = (
				BC6961412A597BF200C78DFA /* XCRemoteSwiftPackageReference "ChatGPTSwift" */,
			);
			productRefGroup = 990FD1122A48767800F79C17 /* Products */;
			projectDirPath = "";
			projectRoot = "";
			targets = (
				990FD1102A48767800F79C17 /* Client */,
			);
		};
/* End PBXProject section */

/* Begin PBXResourcesBuildPhase section */
		990FD10F2A48767800F79C17 /* Resources */ = {
			isa = PBXResourcesBuildPhase;
			buildActionMask = 2147483647;
			files = (
				99C36EED2A7F9F33008F6A62 /* Config.xcconfig in Resources */,
				990FD11C2A48767900F79C17 /* Preview Assets.xcassets in Resources */,
				990FD1192A48767900F79C17 /* Assets.xcassets in Resources */,
				993373692A4ECD2C004FDEEB /* disease.db in Resources */,
			);
			runOnlyForDeploymentPostprocessing = 0;
		};
/* End PBXResourcesBuildPhase section */

/* Begin PBXShellScriptBuildPhase section */
		90581E051F435964B1EB7D8D /* [CP] Embed Pods Frameworks */ = {
			isa = PBXShellScriptBuildPhase;
			buildActionMask = 2147483647;
			files = (
			);
			inputFileListPaths = (
				"${PODS_ROOT}/Target Support Files/Pods-Client/Pods-Client-frameworks-${CONFIGURATION}-input-files.xcfilelist",
			);
			name = "[CP] Embed Pods Frameworks";
			outputFileListPaths = (
				"${PODS_ROOT}/Target Support Files/Pods-Client/Pods-Client-frameworks-${CONFIGURATION}-output-files.xcfilelist",
			);
			runOnlyForDeploymentPostprocessing = 0;
			shellPath = /bin/sh;
			shellScript = "\"${PODS_ROOT}/Target Support Files/Pods-Client/Pods-Client-frameworks.sh\"\n";
			showEnvVarsInLog = 0;
		};
		E70251EBB8E124A32F587BAB /* [CP] Check Pods Manifest.lock */ = {
			isa = PBXShellScriptBuildPhase;
			buildActionMask = 2147483647;
			files = (
			);
			inputFileListPaths = (
			);
			inputPaths = (
				"${PODS_PODFILE_DIR_PATH}/Podfile.lock",
				"${PODS_ROOT}/Manifest.lock",
			);
			name = "[CP] Check Pods Manifest.lock";
			outputFileListPaths = (
			);
			outputPaths = (
				"$(DERIVED_FILE_DIR)/Pods-Client-checkManifestLockResult.txt",
			);
			runOnlyForDeploymentPostprocessing = 0;
			shellPath = /bin/sh;
			shellScript = "diff \"${PODS_PODFILE_DIR_PATH}/Podfile.lock\" \"${PODS_ROOT}/Manifest.lock\" > /dev/null\nif [ $? != 0 ] ; then\n    # print error to STDERR\n    echo \"error: The sandbox is not in sync with the Podfile.lock. Run 'pod install' or update your CocoaPods installation.\" >&2\n    exit 1\nfi\n# This output is used by Xcode 'outputs' to avoid re-running this script phase.\necho \"SUCCESS\" > \"${SCRIPT_OUTPUT_FILE_0}\"\n";
			showEnvVarsInLog = 0;
		};
/* End PBXShellScriptBuildPhase section */

/* Begin PBXSourcesBuildPhase section */
		990FD10D2A48767800F79C17 /* Sources */ = {
			isa = PBXSourcesBuildPhase;
			buildActionMask = 2147483647;
			files = (
				BCD92A0B2AE3A75C009B7C9F /* InitialView.swift in Sources */,
				BC808D2D2A629A4300C93FB9 /* FindHospitalView.swift in Sources */,
				993373672A4EBC60004FDEEB /* FindDiseaseViewModel.swift in Sources */,
				9936094B2A4E01BD008CAD52 /* SymptomListView.swift in Sources */,
				990FD1362A4998B500F79C17 /* ColorExtension.swift in Sources */,
				990FD1272A487C8200F79C17 /* Disease.swift in Sources */,
				990FD1472A4DAFA600F79C17 /* SymptomEntry.swift in Sources */,
				990FD13A2A499CF900F79C17 /* SymptomRepository.swift in Sources */,
				993373612A4EB6A9004FDEEB /* HomeViewModel.swift in Sources */,
				BC6961452A59890900C78DFA /* StringExtension.swift in Sources */,
				BC31F5C82A74EEB1008CE091 /* SearchResponse.swift in Sources */,
				990FD1512A4DF69700F79C17 /* UIExtension.swift in Sources */,
				990FD1172A48767800F79C17 /* HomeView.swift in Sources */,
				990FD14D2A4DEB3D00F79C17 /* PreviewSymptomRepository.swift in Sources */,
				BC31F5CD2A74F2B3008CE091 /* SearchRequest.swift in Sources */,
				9936095A2A4E0EC1008CAD52 /* AddSymptomView.swift in Sources */,
				BCD92A0D2AE3B15E009B7C9F /* GetUserInfoViewModel.swift in Sources */,
				990FD14F2A4DF32300F79C17 /* PreviewDiseaseRepository.swift in Sources */,
				993609552A4E0CAB008CAD52 /* HomeAddSymptomView.swift in Sources */,
				990FD1152A48767800F79C17 /* ClientApp.swift in Sources */,
				993373582A4E1FDE004FDEEB /* FindDiseaseView.swift in Sources */,
				BC31F5D12A74F870008CE091 /* MoyaWrapper.swift in Sources */,
				BC31F5CB2A74EF00008CE091 /* MapAPI.swift in Sources */,
				BC31F5C22A74E119008CE091 /* BindingExtension.swift in Sources */,
				990FD12F2A4899C300F79C17 /* DiseaseRepository.swift in Sources */,
				BC31F5CF2A74F731008CE091 /* MapRepository.swift in Sources */,
				993609572A4E0D12008CAD52 /* HomeEmptySymptomView.swift in Sources */,
				993609532A4E0C45008CAD52 /* HomeDiseaseView.swift in Sources */,
				990FD13C2A499D1100F79C17 /* Symptom.swift in Sources */,
				BC0782CD2A6D577600366F16 /* MapView.swift in Sources */,
				9933735C2A4E2EA2004FDEEB /* DiseaseSection.swift in Sources */,
				993609512A4E0B8E008CAD52 /* HomeSymptomView.swift in Sources */,
				990FD1492A4DBEFE00F79C17 /* DiseaseEntry.swift in Sources */,
				BC808D2F2A629A8C00C93FB9 /* FindHospitalViewModel.swift in Sources */,
				990FD1412A49D83800F79C17 /* DateExtension.swift in Sources */,
				9933735A2A4E2B0E004FDEEB /* DiseaseDetailView.swift in Sources */,
			);
			runOnlyForDeploymentPostprocessing = 0;
		};
/* End PBXSourcesBuildPhase section */

/* Begin XCBuildConfiguration section */
		990FD11D2A48767900F79C17 /* Debug */ = {
			isa = XCBuildConfiguration;
			baseConfigurationReference = C40F81FBBF8D355B363F9EA1 /* Pods-Client.release.xcconfig */;
			buildSettings = {
				ALWAYS_SEARCH_USER_PATHS = NO;
				CLANG_ANALYZER_NONNULL = YES;
				CLANG_ANALYZER_NUMBER_OBJECT_CONVERSION = YES_AGGRESSIVE;
				CLANG_CXX_LANGUAGE_STANDARD = "gnu++20";
				CLANG_ENABLE_MODULES = YES;
				CLANG_ENABLE_OBJC_ARC = YES;
				CLANG_ENABLE_OBJC_WEAK = YES;
				CLANG_WARN_BLOCK_CAPTURE_AUTORELEASING = YES;
				CLANG_WARN_BOOL_CONVERSION = YES;
				CLANG_WARN_COMMA = YES;
				CLANG_WARN_CONSTANT_CONVERSION = YES;
				CLANG_WARN_DEPRECATED_OBJC_IMPLEMENTATIONS = YES;
				CLANG_WARN_DIRECT_OBJC_ISA_USAGE = YES_ERROR;
				CLANG_WARN_DOCUMENTATION_COMMENTS = YES;
				CLANG_WARN_EMPTY_BODY = YES;
				CLANG_WARN_ENUM_CONVERSION = YES;
				CLANG_WARN_INFINITE_RECURSION = YES;
				CLANG_WARN_INT_CONVERSION = YES;
				CLANG_WARN_NON_LITERAL_NULL_CONVERSION = YES;
				CLANG_WARN_OBJC_IMPLICIT_RETAIN_SELF = YES;
				CLANG_WARN_OBJC_LITERAL_CONVERSION = YES;
				CLANG_WARN_OBJC_ROOT_CLASS = YES_ERROR;
				CLANG_WARN_QUOTED_INCLUDE_IN_FRAMEWORK_HEADER = YES;
				CLANG_WARN_RANGE_LOOP_ANALYSIS = YES;
				CLANG_WARN_STRICT_PROTOTYPES = YES;
				CLANG_WARN_SUSPICIOUS_MOVE = YES;
				CLANG_WARN_UNGUARDED_AVAILABILITY = YES_AGGRESSIVE;
				CLANG_WARN_UNREACHABLE_CODE = YES;
				CLANG_WARN__DUPLICATE_METHOD_MATCH = YES;
				COPY_PHASE_STRIP = NO;
				DEBUG_INFORMATION_FORMAT = dwarf;
				ENABLE_STRICT_OBJC_MSGSEND = YES;
				ENABLE_TESTABILITY = YES;
				GCC_C_LANGUAGE_STANDARD = gnu11;
				GCC_DYNAMIC_NO_PIC = NO;
				GCC_NO_COMMON_BLOCKS = YES;
				GCC_OPTIMIZATION_LEVEL = 0;
				GCC_PREPROCESSOR_DEFINITIONS = (
					"DEBUG=1",
					"$(inherited)",
				);
				GCC_WARN_64_TO_32_BIT_CONVERSION = YES;
				GCC_WARN_ABOUT_RETURN_TYPE = YES_ERROR;
				GCC_WARN_UNDECLARED_SELECTOR = YES;
				GCC_WARN_UNINITIALIZED_AUTOS = YES_AGGRESSIVE;
				GCC_WARN_UNUSED_FUNCTION = YES;
				GCC_WARN_UNUSED_VARIABLE = YES;
				IPHONEOS_DEPLOYMENT_TARGET = 16.1;
				MTL_ENABLE_DEBUG_INFO = INCLUDE_SOURCE;
				MTL_FAST_MATH = YES;
				ONLY_ACTIVE_ARCH = YES;
				SDKROOT = iphoneos;
				SWIFT_ACTIVE_COMPILATION_CONDITIONS = DEBUG;
				SWIFT_OPTIMIZATION_LEVEL = "-Onone";
			};
			name = Debug;
		};
		990FD11E2A48767900F79C17 /* Release */ = {
			isa = XCBuildConfiguration;
			buildSettings = {
				ALWAYS_SEARCH_USER_PATHS = NO;
				CLANG_ANALYZER_NONNULL = YES;
				CLANG_ANALYZER_NUMBER_OBJECT_CONVERSION = YES_AGGRESSIVE;
				CLANG_CXX_LANGUAGE_STANDARD = "gnu++20";
				CLANG_ENABLE_MODULES = YES;
				CLANG_ENABLE_OBJC_ARC = YES;
				CLANG_ENABLE_OBJC_WEAK = YES;
				CLANG_WARN_BLOCK_CAPTURE_AUTORELEASING = YES;
				CLANG_WARN_BOOL_CONVERSION = YES;
				CLANG_WARN_COMMA = YES;
				CLANG_WARN_CONSTANT_CONVERSION = YES;
				CLANG_WARN_DEPRECATED_OBJC_IMPLEMENTATIONS = YES;
				CLANG_WARN_DIRECT_OBJC_ISA_USAGE = YES_ERROR;
				CLANG_WARN_DOCUMENTATION_COMMENTS = YES;
				CLANG_WARN_EMPTY_BODY = YES;
				CLANG_WARN_ENUM_CONVERSION = YES;
				CLANG_WARN_INFINITE_RECURSION = YES;
				CLANG_WARN_INT_CONVERSION = YES;
				CLANG_WARN_NON_LITERAL_NULL_CONVERSION = YES;
				CLANG_WARN_OBJC_IMPLICIT_RETAIN_SELF = YES;
				CLANG_WARN_OBJC_LITERAL_CONVERSION = YES;
				CLANG_WARN_OBJC_ROOT_CLASS = YES_ERROR;
				CLANG_WARN_QUOTED_INCLUDE_IN_FRAMEWORK_HEADER = YES;
				CLANG_WARN_RANGE_LOOP_ANALYSIS = YES;
				CLANG_WARN_STRICT_PROTOTYPES = YES;
				CLANG_WARN_SUSPICIOUS_MOVE = YES;
				CLANG_WARN_UNGUARDED_AVAILABILITY = YES_AGGRESSIVE;
				CLANG_WARN_UNREACHABLE_CODE = YES;
				CLANG_WARN__DUPLICATE_METHOD_MATCH = YES;
				COPY_PHASE_STRIP = NO;
				DEBUG_INFORMATION_FORMAT = "dwarf-with-dsym";
				ENABLE_NS_ASSERTIONS = NO;
				ENABLE_STRICT_OBJC_MSGSEND = YES;
				GCC_C_LANGUAGE_STANDARD = gnu11;
				GCC_NO_COMMON_BLOCKS = YES;
				GCC_WARN_64_TO_32_BIT_CONVERSION = YES;
				GCC_WARN_ABOUT_RETURN_TYPE = YES_ERROR;
				GCC_WARN_UNDECLARED_SELECTOR = YES;
				GCC_WARN_UNINITIALIZED_AUTOS = YES_AGGRESSIVE;
				GCC_WARN_UNUSED_FUNCTION = YES;
				GCC_WARN_UNUSED_VARIABLE = YES;
				IPHONEOS_DEPLOYMENT_TARGET = 16.1;
				MTL_ENABLE_DEBUG_INFO = NO;
				MTL_FAST_MATH = YES;
				SDKROOT = iphoneos;
				SWIFT_COMPILATION_MODE = wholemodule;
				SWIFT_OPTIMIZATION_LEVEL = "-O";
				VALIDATE_PRODUCT = YES;
			};
			name = Release;
		};
		990FD1202A48767900F79C17 /* Debug */ = {
			isa = XCBuildConfiguration;
			baseConfigurationReference = 99C36EEC2A7F9F33008F6A62 /* Config.xcconfig */;
			buildSettings = {
				ASSETCATALOG_COMPILER_APPICON_NAME = AppIcon;
				ASSETCATALOG_COMPILER_GLOBAL_ACCENT_COLOR_NAME = AccentColor;
				CODE_SIGN_STYLE = Automatic;
				CURRENT_PROJECT_VERSION = 1;
				DEVELOPMENT_ASSET_PATHS = "\"Client/Preview Content\"";
				DEVELOPMENT_TEAM = ZRTG6WMRW7;
				ENABLE_PREVIEWS = YES;
				GENERATE_INFOPLIST_FILE = YES;
				INFOPLIST_FILE = Client/Info.plist;
				INFOPLIST_KEY_NSLocationWhenInUseUsageDescription = "현재 위치 사용을 허용하시겠습니까?";
				INFOPLIST_KEY_UIApplicationSceneManifest_Generation = YES;
				INFOPLIST_KEY_UIApplicationSupportsIndirectInputEvents = YES;
				INFOPLIST_KEY_UILaunchScreen_Generation = YES;
				INFOPLIST_KEY_UISupportedInterfaceOrientations_iPad = "UIInterfaceOrientationPortrait UIInterfaceOrientationPortraitUpsideDown UIInterfaceOrientationLandscapeLeft UIInterfaceOrientationLandscapeRight";
				INFOPLIST_KEY_UISupportedInterfaceOrientations_iPhone = "UIInterfaceOrientationPortrait UIInterfaceOrientationLandscapeLeft UIInterfaceOrientationLandscapeRight";
				LD_RUNPATH_SEARCH_PATHS = (
					"$(inherited)",
					"@executable_path/Frameworks",
				);
				MARKETING_VERSION = 1.0;
				PRODUCT_BUNDLE_IDENTIFIER = site.yeongwoo.Client;
				PRODUCT_NAME = "$(TARGET_NAME)";
				SWIFT_EMIT_LOC_STRINGS = YES;
				SWIFT_VERSION = 5.0;
				TARGETED_DEVICE_FAMILY = "1,2";
			};
			name = Debug;
		};
		990FD1212A48767900F79C17 /* Release */ = {
			isa = XCBuildConfiguration;
			baseConfigurationReference = C40F81FBBF8D355B363F9EA1 /* Pods-Client.release.xcconfig */;
			buildSettings = {
				ASSETCATALOG_COMPILER_APPICON_NAME = AppIcon;
				ASSETCATALOG_COMPILER_GLOBAL_ACCENT_COLOR_NAME = AccentColor;
				CODE_SIGN_STYLE = Automatic;
				CURRENT_PROJECT_VERSION = 1;
				DEVELOPMENT_ASSET_PATHS = "\"Client/Preview Content\"";
				DEVELOPMENT_TEAM = ZRTG6WMRW7;
				ENABLE_PREVIEWS = YES;
				GENERATE_INFOPLIST_FILE = YES;
				INFOPLIST_FILE = Client/Info.plist;
				INFOPLIST_KEY_NSLocationWhenInUseUsageDescription = "현재 위치 사용을 허용하시겠습니까?";
				INFOPLIST_KEY_UIApplicationSceneManifest_Generation = YES;
				INFOPLIST_KEY_UIApplicationSupportsIndirectInputEvents = YES;
				INFOPLIST_KEY_UILaunchScreen_Generation = YES;
				INFOPLIST_KEY_UISupportedInterfaceOrientations_iPad = "UIInterfaceOrientationPortrait UIInterfaceOrientationPortraitUpsideDown UIInterfaceOrientationLandscapeLeft UIInterfaceOrientationLandscapeRight";
				INFOPLIST_KEY_UISupportedInterfaceOrientations_iPhone = "UIInterfaceOrientationPortrait UIInterfaceOrientationLandscapeLeft UIInterfaceOrientationLandscapeRight";
				LD_RUNPATH_SEARCH_PATHS = (
					"$(inherited)",
					"@executable_path/Frameworks",
				);
				MARKETING_VERSION = 1.0;
				PRODUCT_BUNDLE_IDENTIFIER = site.yeongwoo.Client;
				PRODUCT_NAME = "$(TARGET_NAME)";
				SWIFT_EMIT_LOC_STRINGS = YES;
				SWIFT_VERSION = 5.0;
				TARGETED_DEVICE_FAMILY = "1,2";
			};
			name = Release;
		};
/* End XCBuildConfiguration section */

/* Begin XCConfigurationList section */
		990FD10C2A48767800F79C17 /* Build configuration list for PBXProject "Client" */ = {
			isa = XCConfigurationList;
			buildConfigurations = (
				990FD11D2A48767900F79C17 /* Debug */,
				990FD11E2A48767900F79C17 /* Release */,
			);
			defaultConfigurationIsVisible = 0;
			defaultConfigurationName = Release;
		};
		990FD11F2A48767900F79C17 /* Build configuration list for PBXNativeTarget "Client" */ = {
			isa = XCConfigurationList;
			buildConfigurations = (
				990FD1202A48767900F79C17 /* Debug */,
				990FD1212A48767900F79C17 /* Release */,
			);
			defaultConfigurationIsVisible = 0;
			defaultConfigurationName = Release;
		};
/* End XCConfigurationList section */

/* Begin XCRemoteSwiftPackageReference section */
		BC6961412A597BF200C78DFA /* XCRemoteSwiftPackageReference "ChatGPTSwift" */ = {
			isa = XCRemoteSwiftPackageReference;
			repositoryURL = "https://github.com/alfianlosari/ChatGPTSwift.git";
			requirement = {
				kind = upToNextMajorVersion;
				minimumVersion = 1.0.0;
			};
		};
/* End XCRemoteSwiftPackageReference section */

/* Begin XCSwiftPackageProductDependency section */
		BC6961422A597BF200C78DFA /* ChatGPTSwift */ = {
			isa = XCSwiftPackageProductDependency;
			package = BC6961412A597BF200C78DFA /* XCRemoteSwiftPackageReference "ChatGPTSwift" */;
			productName = ChatGPTSwift;
		};
/* End XCSwiftPackageProductDependency section */
	};
	rootObject = 990FD1092A48767800F79C17 /* Project object */;
}
